
Microsoft Visual Studio Solution File, Format Version 12.00
Project("{FAE04EC0-301F-11D3-BF4B-00C04F79EFBC}") = "Animal_Matchmaking", "Animal_Matchmaking.csproj", "{776CC40D-F908-40DE-B9A5-C5DE367F3828}"
EndProject
Global
	GlobalSection(SolutionConfigurationPlatforms) = preSolution
		Debug|Any CPU = Debug|Any CPU
		Release|Any CPU = Release|Any CPU
	EndGlobalSection
	GlobalSection(ProjectConfigurationPlatforms) = postSolution
		{776CC40D-F908-40DE-B9A5-C5DE367F3828}.Debug|Any CPU.ActiveCfg = Debug|Any CPU
		{776CC40D-F908-40DE-B9A5-C5DE367F3828}.Debug|Any CPU.Build.0 = Debug|Any CPU
		{776CC40D-F908-40DE-B9A5-C5DE367F3828}.Release|Any CPU.ActiveCfg = Release|Any CPU
		{776CC40D-F908-40DE-B9A5-C5DE367F3828}.Release|Any CPU.Build.0 = Release|Any CPU
	EndGlobalSection
EndGlobal
